
Microsoft Visual Studio Solution File, Format Version 12.00
# Visual Studio Version 17
VisualStudioVersion = 17.6.33829.357
MinimumVisualStudioVersion = 10.0.40219.1
Project("{9A19103F-16F7-4668-BE54-9A1E7A4F7556}") = "YuFoot.WebAPI", "YuFoot.WebAPI\YuFoot.WebAPI.csproj", "{69C61B11-111E-4F48-806B-EAD3929FFE4A}"
EndProject
Project("{9A19103F-16F7-4668-BE54-9A1E7A4F7556}") = "YuFoot.Entities", "YuFoot.Entities\YuFoot.Entities.csproj", "{1674406F-7830-4CB5-9526-AEDFFD160966}"
EndProject
Project("{9A19103F-16F7-4668-BE54-9A1E7A4F7556}") = "YuFoot.Repository.Contracts", "YuFoot.Repository.Contracts\YuFoot.Repository.Contracts.csproj", "{F29571F1-E996-4E66-BB25-489E53A8D196}"
EndProject
Project("{9A19103F-16F7-4668-BE54-9A1E7A4F7556}") = "YuFoot.Repository", "YuFoot.Repository\YuFoot.Repository.csproj", "{073B9FF5-A5D5-4B8C-8986-8F0F83E79D63}"
EndProject
Project("{9A19103F-16F7-4668-BE54-9A1E7A4F7556}") = "YuFoot.Business.Contracts", "YuFoot.Business.Contracts\YuFoot.Business.Contracts.csproj", "{0C50EBE4-6DEC-49D0-9812-0FD9579CDB12}"
EndProject
Project("{9A19103F-16F7-4668-BE54-9A1E7A4F7556}") = "YuFoot.Business", "YuFoot.Business\YuFoot.Business.csproj", "{D412DFDB-4400-4ACB-87A9-72A7AD65053C}"
EndProject
Project("{9A19103F-16F7-4668-BE54-9A1E7A4F7556}") = "YuFoot.DTOs", "YuFoot.DTOs\YuFoot.DTOs.csproj", "{590718D6-548A-40EB-8891-6E373EA5475F}"
EndProject
Project("{9A19103F-16F7-4668-BE54-9A1E7A4F7556}") = "YuFoot.Common", "YuFoot.Common\YuFoot.Common.csproj", "{5F942FA8-22C1-4295-8EE4-3C5B803E1A3D}"
EndProject
Project("{FAE04EC0-301F-11D3-BF4B-00C04F79EFBC}") = "YuFoot.EntitiesContext", "YuFoot.EntitiesContext\YuFoot.EntitiesContext.csproj", "{0D55D172-D162-4615-84D9-E1B8D5204AE9}"
EndProject
Project("{FAE04EC0-301F-11D3-BF4B-00C04F79EFBC}") = "YuFoot.Parser", "YuFoot.Parser\YuFoot.Parser.csproj", "{2DF83EBB-F919-4596-8E6D-15EA93C17A58}"
EndProject
Global
	GlobalSection(SolutionConfigurationPlatforms) = preSolution
		Debug|Any CPU = Debug|Any CPU
		Release|Any CPU = Release|Any CPU
	EndGlobalSection
	GlobalSection(ProjectConfigurationPlatforms) = postSolution
		{69C61B11-111E-4F48-806B-EAD3929FFE4A}.Debug|Any CPU.ActiveCfg = Debug|Any CPU
		{69C61B11-111E-4F48-806B-EAD3929FFE4A}.Debug|Any CPU.Build.0 = Debug|Any CPU
		{69C61B11-111E-4F48-806B-EAD3929FFE4A}.Release|Any CPU.ActiveCfg = Release|Any CPU
		{69C61B11-111E-4F48-806B-EAD3929FFE4A}.Release|Any CPU.Build.0 = Release|Any CPU
		{1674406F-7830-4CB5-9526-AEDFFD160966}.Debug|Any CPU.ActiveCfg = Debug|Any CPU
		{1674406F-7830-4CB5-9526-AEDFFD160966}.Debug|Any CPU.Build.0 = Debug|Any CPU
		{1674406F-7830-4CB5-9526-AEDFFD160966}.Release|Any CPU.ActiveCfg = Release|Any CPU
		{1674406F-7830-4CB5-9526-AEDFFD160966}.Release|Any CPU.Build.0 = Release|Any CPU
		{F29571F1-E996-4E66-BB25-489E53A8D196}.Debug|Any CPU.ActiveCfg = Debug|Any CPU
		{F29571F1-E996-4E66-BB25-489E53A8D196}.Debug|Any CPU.Build.0 = Debug|Any CPU
		{F29571F1-E996-4E66-BB25-489E53A8D196}.Release|Any CPU.ActiveCfg = Release|Any CPU
		{F29571F1-E996-4E66-BB25-489E53A8D196}.Release|Any CPU.Build.0 = Release|Any CPU
		{073B9FF5-A5D5-4B8C-8986-8F0F83E79D63}.Debug|Any CPU.ActiveCfg = Debug|Any CPU
		{073B9FF5-A5D5-4B8C-8986-8F0F83E79D63}.Debug|Any CPU.Build.0 = Debug|Any CPU
		{073B9FF5-A5D5-4B8C-8986-8F0F83E79D63}.Release|Any CPU.ActiveCfg = Release|Any CPU
		{073B9FF5-A5D5-4B8C-8986-8F0F83E79D63}.Release|Any CPU.Build.0 = Release|Any CPU
		{0C50EBE4-6DEC-49D0-9812-0FD9579CDB12}.Debug|Any CPU.ActiveCfg = Debug|Any CPU
		{0C50EBE4-6DEC-49D0-9812-0FD9579CDB12}.Debug|Any CPU.Build.0 = Debug|Any CPU
		{0C50EBE4-6DEC-49D0-9812-0FD9579CDB12}.Release|Any CPU.ActiveCfg = Release|Any CPU
		{0C50EBE4-6DEC-49D0-9812-0FD9579CDB12}.Release|Any CPU.Build.0 = Release|Any CPU
		{D412DFDB-4400-4ACB-87A9-72A7AD65053C}.Debug|Any CPU.ActiveCfg = Debug|Any CPU
		{D412DFDB-4400-4ACB-87A9-72A7AD65053C}.Debug|Any CPU.Build.0 = Debug|Any CPU
		{D412DFDB-4400-4ACB-87A9-72A7AD65053C}.Release|Any CPU.ActiveCfg = Release|Any CPU
		{D412DFDB-4400-4ACB-87A9-72A7AD65053C}.Release|Any CPU.Build.0 = Release|Any CPU
		{590718D6-548A-40EB-8891-6E373EA5475F}.Debug|Any CPU.ActiveCfg = Debug|Any CPU
		{590718D6-548A-40EB-8891-6E373EA5475F}.Debug|Any CPU.Build.0 = Debug|Any CPU
		{590718D6-548A-40EB-8891-6E373EA5475F}.Release|Any CPU.ActiveCfg = Release|Any CPU
		{590718D6-548A-40EB-8891-6E373EA5475F}.Release|Any CPU.Build.0 = Release|Any CPU
		{5F942FA8-22C1-4295-8EE4-3C5B803E1A3D}.Debug|Any CPU.ActiveCfg = Debug|Any CPU
		{5F942FA8-22C1-4295-8EE4-3C5B803E1A3D}.Debug|Any CPU.Build.0 = Debug|Any CPU
		{5F942FA8-22C1-4295-8EE4-3C5B803E1A3D}.Release|Any CPU.ActiveCfg = Release|Any CPU
		{5F942FA8-22C1-4295-8EE4-3C5B803E1A3D}.Release|Any CPU.Build.0 = Release|Any CPU
		{0D55D172-D162-4615-84D9-E1B8D5204AE9}.Debug|Any CPU.ActiveCfg = Debug|Any CPU
		{0D55D172-D162-4615-84D9-E1B8D5204AE9}.Debug|Any CPU.Build.0 = Debug|Any CPU
		{0D55D172-D162-4615-84D9-E1B8D5204AE9}.Release|Any CPU.ActiveCfg = Release|Any CPU
		{0D55D172-D162-4615-84D9-E1B8D5204AE9}.Release|Any CPU.Build.0 = Release|Any CPU
		{2DF83EBB-F919-4596-8E6D-15EA93C17A58}.Debug|Any CPU.ActiveCfg = Debug|Any CPU
		{2DF83EBB-F919-4596-8E6D-15EA93C17A58}.Debug|Any CPU.Build.0 = Debug|Any CPU
		{2DF83EBB-F919-4596-8E6D-15EA93C17A58}.Release|Any CPU.ActiveCfg = Release|Any CPU
		{2DF83EBB-F919-4596-8E6D-15EA93C17A58}.Release|Any CPU.Build.0 = Release|Any CPU
	EndGlobalSection
	GlobalSection(SolutionProperties) = preSolution
		HideSolutionNode = FALSE
	EndGlobalSection
	GlobalSection(ExtensibilityGlobals) = postSolution
		SolutionGuid = {41B5CFD8-F519-4BF5-825D-C6993FA48597}
	EndGlobalSection
EndGlobal
