
Microsoft Visual Studio Solution File, Format Version 12.00
# Visual Studio Version 17
VisualStudioVersion = 17.6.33829.357
MinimumVisualStudioVersion = 10.0.40219.1
Project("{9A19103F-16F7-4668-BE54-9A1E7A4F7556}") = "YuGames.WebAPI", "YuGames.WebAPI\YuGames.WebAPI.csproj", "{69C61B11-111E-4F48-806B-EAD3929FFE4A}"
EndProject
Project("{9A19103F-16F7-4668-BE54-9A1E7A4F7556}") = "YuGames.Entities", "YuGames.Entities\YuGames.Entities.csproj", "{1674406F-7830-4CB5-9526-AEDFFD160966}"
EndProject
Project("{9A19103F-16F7-4668-BE54-9A1E7A4F7556}") = "YuGames.Repository.Contracts", "YuGames.Repository.Contracts\YuGames.Repository.Contracts.csproj", "{F29571F1-E996-4E66-BB25-489E53A8D196}"
EndProject
Project("{9A19103F-16F7-4668-BE54-9A1E7A4F7556}") = "YuGames.Repository", "YuGames.Repository\YuGames.Repository.csproj", "{073B9FF5-A5D5-4B8C-8986-8F0F83E79D63}"
EndProject
Project("{9A19103F-16F7-4668-BE54-9A1E7A4F7556}") = "YuGames.Business.Contracts", "YuGames.Business.Contracts\YuGames.Business.Contracts.csproj", "{0C50EBE4-6DEC-49D0-9812-0FD9579CDB12}"
EndProject
Project("{9A19103F-16F7-4668-BE54-9A1E7A4F7556}") = "YuGames.Business", "YuGames.Business\YuGames.Business.csproj", "{D412DFDB-4400-4ACB-87A9-72A7AD65053C}"
EndProject
Project("{9A19103F-16F7-4668-BE54-9A1E7A4F7556}") = "YuGames.DTOs", "YuGames.DTOs\YuGames.DTOs.csproj", "{590718D6-548A-40EB-8891-6E373EA5475F}"
EndProject
Project("{9A19103F-16F7-4668-BE54-9A1E7A4F7556}") = "YuGames.Common", "YuGames.Common\YuGames.Common.csproj", "{5F942FA8-22C1-4295-8EE4-3C5B803E1A3D}"
EndProject
Project("{9A19103F-16F7-4668-BE54-9A1E7A4F7556}") = "YuGames.EntitiesContext", "YuGames.EntitiesContext\YuGames.EntitiesContext.csproj", "{0D55D172-D162-4615-84D9-E1B8D5204AE9}"
EndProject
Project("{FAE04EC0-301F-11D3-BF4B-00C04F79EFBC}") = "YuGames.Presentation", "YuGames.Presentation\YuGames.Presentation.csproj", "{ABB69BD0-A8DB-44A6-8370-07B4B4B70061}"
EndProject
Project("{FAE04EC0-301F-11D3-BF4B-00C04F79EFBC}") = "YuGames.Application", "YuGames.Application\YuGames.Application.csproj", "{0864C09F-D327-495C-A39C-80AA2BFA1DF5}"
EndProject
Project("{FAE04EC0-301F-11D3-BF4B-00C04F79EFBC}") = "YuGames.Domain", "YuGames.Domain\YuGames.Domain.csproj", "{2A9AFC04-3295-4046-BEFD-339D9090C61F}"
EndProject
Project("{FAE04EC0-301F-11D3-BF4B-00C04F79EFBC}") = "YuGames.External", "YuGames.External\YuGames.External.csproj", "{A7ECE5BE-BDB1-429F-84E0-04EBA894863E}"
EndProject
Project("{FAE04EC0-301F-11D3-BF4B-00C04F79EFBC}") = "YuGames.Persistence", "YuGames.Persistence\YuGames.Persistence.csproj", "{6E513B94-0D4F-4C98-9BA8-6D80AC704694}"
EndProject
Global
	GlobalSection(SolutionConfigurationPlatforms) = preSolution
		Debug|Any CPU = Debug|Any CPU
		Release|Any CPU = Release|Any CPU
	EndGlobalSection
	GlobalSection(ProjectConfigurationPlatforms) = postSolution
		{69C61B11-111E-4F48-806B-EAD3929FFE4A}.Debug|Any CPU.ActiveCfg = Debug|Any CPU
		{69C61B11-111E-4F48-806B-EAD3929FFE4A}.Debug|Any CPU.Build.0 = Debug|Any CPU
		{69C61B11-111E-4F48-806B-EAD3929FFE4A}.Release|Any CPU.ActiveCfg = Release|Any CPU
		{69C61B11-111E-4F48-806B-EAD3929FFE4A}.Release|Any CPU.Build.0 = Release|Any CPU
		{1674406F-7830-4CB5-9526-AEDFFD160966}.Debug|Any CPU.ActiveCfg = Debug|Any CPU
		{1674406F-7830-4CB5-9526-AEDFFD160966}.Debug|Any CPU.Build.0 = Debug|Any CPU
		{1674406F-7830-4CB5-9526-AEDFFD160966}.Release|Any CPU.ActiveCfg = Release|Any CPU
		{1674406F-7830-4CB5-9526-AEDFFD160966}.Release|Any CPU.Build.0 = Release|Any CPU
		{F29571F1-E996-4E66-BB25-489E53A8D196}.Debug|Any CPU.ActiveCfg = Debug|Any CPU
		{F29571F1-E996-4E66-BB25-489E53A8D196}.Debug|Any CPU.Build.0 = Debug|Any CPU
		{F29571F1-E996-4E66-BB25-489E53A8D196}.Release|Any CPU.ActiveCfg = Release|Any CPU
		{F29571F1-E996-4E66-BB25-489E53A8D196}.Release|Any CPU.Build.0 = Release|Any CPU
		{073B9FF5-A5D5-4B8C-8986-8F0F83E79D63}.Debug|Any CPU.ActiveCfg = Debug|Any CPU
		{073B9FF5-A5D5-4B8C-8986-8F0F83E79D63}.Debug|Any CPU.Build.0 = Debug|Any CPU
		{073B9FF5-A5D5-4B8C-8986-8F0F83E79D63}.Release|Any CPU.ActiveCfg = Release|Any CPU
		{073B9FF5-A5D5-4B8C-8986-8F0F83E79D63}.Release|Any CPU.Build.0 = Release|Any CPU
		{0C50EBE4-6DEC-49D0-9812-0FD9579CDB12}.Debug|Any CPU.ActiveCfg = Debug|Any CPU
		{0C50EBE4-6DEC-49D0-9812-0FD9579CDB12}.Debug|Any CPU.Build.0 = Debug|Any CPU
		{0C50EBE4-6DEC-49D0-9812-0FD9579CDB12}.Release|Any CPU.ActiveCfg = Release|Any CPU
		{0C50EBE4-6DEC-49D0-9812-0FD9579CDB12}.Release|Any CPU.Build.0 = Release|Any CPU
		{D412DFDB-4400-4ACB-87A9-72A7AD65053C}.Debug|Any CPU.ActiveCfg = Debug|Any CPU
		{D412DFDB-4400-4ACB-87A9-72A7AD65053C}.Debug|Any CPU.Build.0 = Debug|Any CPU
		{D412DFDB-4400-4ACB-87A9-72A7AD65053C}.Release|Any CPU.ActiveCfg = Release|Any CPU
		{D412DFDB-4400-4ACB-87A9-72A7AD65053C}.Release|Any CPU.Build.0 = Release|Any CPU
		{590718D6-548A-40EB-8891-6E373EA5475F}.Debug|Any CPU.ActiveCfg = Debug|Any CPU
		{590718D6-548A-40EB-8891-6E373EA5475F}.Debug|Any CPU.Build.0 = Debug|Any CPU
		{590718D6-548A-40EB-8891-6E373EA5475F}.Release|Any CPU.ActiveCfg = Release|Any CPU
		{590718D6-548A-40EB-8891-6E373EA5475F}.Release|Any CPU.Build.0 = Release|Any CPU
		{5F942FA8-22C1-4295-8EE4-3C5B803E1A3D}.Debug|Any CPU.ActiveCfg = Debug|Any CPU
		{5F942FA8-22C1-4295-8EE4-3C5B803E1A3D}.Debug|Any CPU.Build.0 = Debug|Any CPU
		{5F942FA8-22C1-4295-8EE4-3C5B803E1A3D}.Release|Any CPU.ActiveCfg = Release|Any CPU
		{5F942FA8-22C1-4295-8EE4-3C5B803E1A3D}.Release|Any CPU.Build.0 = Release|Any CPU
		{0D55D172-D162-4615-84D9-E1B8D5204AE9}.Debug|Any CPU.ActiveCfg = Debug|Any CPU
		{0D55D172-D162-4615-84D9-E1B8D5204AE9}.Debug|Any CPU.Build.0 = Debug|Any CPU
		{0D55D172-D162-4615-84D9-E1B8D5204AE9}.Release|Any CPU.ActiveCfg = Release|Any CPU
		{0D55D172-D162-4615-84D9-E1B8D5204AE9}.Release|Any CPU.Build.0 = Release|Any CPU
		{ABB69BD0-A8DB-44A6-8370-07B4B4B70061}.Debug|Any CPU.ActiveCfg = Debug|Any CPU
		{ABB69BD0-A8DB-44A6-8370-07B4B4B70061}.Debug|Any CPU.Build.0 = Debug|Any CPU
		{ABB69BD0-A8DB-44A6-8370-07B4B4B70061}.Release|Any CPU.ActiveCfg = Release|Any CPU
		{ABB69BD0-A8DB-44A6-8370-07B4B4B70061}.Release|Any CPU.Build.0 = Release|Any CPU
		{0864C09F-D327-495C-A39C-80AA2BFA1DF5}.Debug|Any CPU.ActiveCfg = Debug|Any CPU
		{0864C09F-D327-495C-A39C-80AA2BFA1DF5}.Debug|Any CPU.Build.0 = Debug|Any CPU
		{0864C09F-D327-495C-A39C-80AA2BFA1DF5}.Release|Any CPU.ActiveCfg = Release|Any CPU
		{0864C09F-D327-495C-A39C-80AA2BFA1DF5}.Release|Any CPU.Build.0 = Release|Any CPU
		{2A9AFC04-3295-4046-BEFD-339D9090C61F}.Debug|Any CPU.ActiveCfg = Debug|Any CPU
		{2A9AFC04-3295-4046-BEFD-339D9090C61F}.Debug|Any CPU.Build.0 = Debug|Any CPU
		{2A9AFC04-3295-4046-BEFD-339D9090C61F}.Release|Any CPU.ActiveCfg = Release|Any CPU
		{2A9AFC04-3295-4046-BEFD-339D9090C61F}.Release|Any CPU.Build.0 = Release|Any CPU
		{A7ECE5BE-BDB1-429F-84E0-04EBA894863E}.Debug|Any CPU.ActiveCfg = Debug|Any CPU
		{A7ECE5BE-BDB1-429F-84E0-04EBA894863E}.Debug|Any CPU.Build.0 = Debug|Any CPU
		{A7ECE5BE-BDB1-429F-84E0-04EBA894863E}.Release|Any CPU.ActiveCfg = Release|Any CPU
		{A7ECE5BE-BDB1-429F-84E0-04EBA894863E}.Release|Any CPU.Build.0 = Release|Any CPU
		{6E513B94-0D4F-4C98-9BA8-6D80AC704694}.Debug|Any CPU.ActiveCfg = Debug|Any CPU
		{6E513B94-0D4F-4C98-9BA8-6D80AC704694}.Debug|Any CPU.Build.0 = Debug|Any CPU
		{6E513B94-0D4F-4C98-9BA8-6D80AC704694}.Release|Any CPU.ActiveCfg = Release|Any CPU
		{6E513B94-0D4F-4C98-9BA8-6D80AC704694}.Release|Any CPU.Build.0 = Release|Any CPU
	EndGlobalSection
	GlobalSection(SolutionProperties) = preSolution
		HideSolutionNode = FALSE
	EndGlobalSection
	GlobalSection(ExtensibilityGlobals) = postSolution
		SolutionGuid = {41B5CFD8-F519-4BF5-825D-C6993FA48597}
	EndGlobalSection
EndGlobal
